{
  "nodes": {
    "crane": {
      "inputs": {
        "flake-compat": "flake-compat",
        "flake-utils": [
          "flake-utils"
        ],
        "nixpkgs": [
          "nixpkgs"
        ],
        "rust-overlay": "rust-overlay"
      },
      "locked": {
        "lastModified": 1684468982,
        "narHash": "sha256-EoC1N5sFdmjuAP3UOkyQujSOT6EdcXTnRw8hPjJkEgc=",
        "owner": "ipetkov",
        "repo": "crane",
        "rev": "99de890b6ef4b4aab031582125b6056b792a4a30",
        "type": "github"
      },
      "original": {
        "owner": "ipetkov",
        "repo": "crane",
        "type": "github"
      }
    },
    "flake-compat": {
      "flake": false,
      "locked": {
        "lastModified": 1673956053,
        "narHash": "sha256-4gtG9iQuiKITOjNQQeQIpoIB6b16fm+504Ch3sNKLd8=",
        "owner": "edolstra",
        "repo": "flake-compat",
        "rev": "35bb57c0c8d8b62bbfd284272c928ceb64ddbde9",
        "type": "github"
      },
      "original": {
        "owner": "edolstra",
        "repo": "flake-compat",
        "type": "github"
      }
    },
    "flake-compat_2": {
      "flake": false,
      "locked": {
        "lastModified": 1673956053,
        "narHash": "sha256-4gtG9iQuiKITOjNQQeQIpoIB6b16fm+504Ch3sNKLd8=",
        "owner": "edolstra",
        "repo": "flake-compat",
        "rev": "35bb57c0c8d8b62bbfd284272c928ceb64ddbde9",
        "type": "github"
      },
      "original": {
        "owner": "edolstra",
        "repo": "flake-compat",
        "type": "github"
      }
    },
    "flake-utils": {
      "inputs": {
        "systems": "systems"
      },
      "locked": {
        "lastModified": 1681202837,
        "narHash": "sha256-H+Rh19JDwRtpVPAWp64F+rlEtxUWBAQW28eAi3SRSzg=",
        "owner": "numtide",
        "repo": "flake-utils",
        "rev": "cfacdce06f30d2b68473a46042957675eebb3401",
        "type": "github"
      },
      "original": {
        "owner": "numtide",
        "repo": "flake-utils",
        "type": "github"
      }
    },
    "gitignore": {
      "inputs": {
        "nixpkgs": [
          "nixpkgs"
        ]
      },
      "locked": {
        "lastModified": 1660459072,
        "narHash": "sha256-8DFJjXG8zqoONA1vXtgeKXy68KdJL5UaXR8NtVMUbx8=",
        "owner": "hercules-ci",
        "repo": "gitignore.nix",
        "rev": "a20de23b925fd8264fd7fad6454652e142fd7f73",
        "type": "github"
      },
      "original": {
        "owner": "hercules-ci",
        "repo": "gitignore.nix",
        "type": "github"
      }
    },
    "glfw": {
      "flake": false,
      "locked": {
        "lastModified": 1680272326,
        "narHash": "sha256-6XWcSq1ij9wdWAdi37eiu8P13MTuu6q26VWCSvv99P0=",
        "owner": "glfw",
        "repo": "glfw",
        "rev": "3fa2360720eeba1964df3c0ecf4b5df8648a8e52",
        "type": "github"
      },
      "original": {
        "owner": "glfw",
        "repo": "glfw",
        "type": "github"
      }
    },
    "naga": {
      "flake": false,
      "locked": {
        "lastModified": 1683925148,
        "narHash": "sha256-b3rJr7W6I/CAwljSkPPslNRH6mkxPjyw5EcEXt4D344=",
        "owner": "gfx-rs",
        "repo": "naga",
        "rev": "423a069dcddc790fdf27d8c389fa4487f07fcc0a",
        "type": "github"
      },
      "original": {
        "owner": "gfx-rs",
        "repo": "naga",
        "type": "github"
      }
    },
    "nelua": {
      "flake": false,
      "locked": {
        "lastModified": 1679835874,
        "narHash": "sha256-vJae8yx6PrYR45vRM/6fn6aEvUo7lxHSD/iX/77iVAo=",
        "owner": "edubart",
        "repo": "nelua-lang",
        "rev": "e084bf1cc8a5651c9fdd96bc4205a890e5ab1fca",
        "type": "github"
      },
      "original": {
        "owner": "edubart",
        "repo": "nelua-lang",
        "type": "github"
      }
    },
    "nelua-decl": {
      "flake": false,
      "locked": {
        "lastModified": 1680870608,
        "narHash": "sha256-7rcQd7vvFfyrwDNpdLZnD8N873RT4mUUhURoniD6cBE=",
        "ref": "refs/heads/main",
        "rev": "e2fd8e581d279b9434d6fcdc42238e5321663b6d",
        "revCount": 163,
        "submodules": true,
        "type": "git",
        "url": "https://github.com/edubart/nelua-decl.git"
      },
      "original": {
        "submodules": true,
        "type": "git",
        "url": "https://github.com/edubart/nelua-decl.git"
      }
    },
    "nixpkgs": {
      "locked": {
        "lastModified": 1684570954,
        "narHash": "sha256-FX5y4Sm87RWwfu9PI71XFvuRpZLowh00FQpIJ1WfXqE=",
        "owner": "nixos",
        "repo": "nixpkgs",
        "rev": "3005f20ce0aaa58169cdee57c8aa12e5f1b6e1b3",
        "type": "github"
      },
      "original": {
        "owner": "nixos",
        "ref": "nixos-unstable",
        "repo": "nixpkgs",
        "type": "github"
      }
    },
    "root": {
      "inputs": {
        "crane": "crane",
        "flake-utils": "flake-utils",
        "gitignore": "gitignore",
        "glfw": "glfw",
        "naga": "naga",
        "nelua": "nelua",
        "nelua-decl": "nelua-decl",
        "nixpkgs": "nixpkgs",
        "rust-overlay": "rust-overlay_2",
        "wgpu-native": "wgpu-native",
        "zig": "zig"
      }
    },
    "rust-overlay": {
      "inputs": {
        "flake-utils": [
          "crane",
          "flake-utils"
        ],
        "nixpkgs": [
          "crane",
          "nixpkgs"
        ]
      },
      "locked": {
        "lastModified": 1683080331,
        "narHash": "sha256-nGDvJ1DAxZIwdn6ww8IFwzoHb2rqBP4wv/65Wt5vflk=",
        "owner": "oxalica",
        "repo": "rust-overlay",
        "rev": "d59c3fa0cba8336e115b376c2d9e91053aa59e56",
        "type": "github"
      },
      "original": {
        "owner": "oxalica",
        "repo": "rust-overlay",
        "type": "github"
      }
    },
    "rust-overlay_2": {
      "inputs": {
        "flake-utils": [
          "flake-utils"
        ],
        "nixpkgs": [
          "nixpkgs"
        ]
      },
      "locked": {
        "lastModified": 1684635790,
        "narHash": "sha256-scP3kfbnZFnbBQec8rPpnHRy5UYBz8bAsaOyUVnk+fs=",
        "owner": "oxalica",
        "repo": "rust-overlay",
        "rev": "eb5c0ca38d81b934b5ff1deca912d263e1a85bb5",
        "type": "github"
      },
      "original": {
        "owner": "oxalica",
        "repo": "rust-overlay",
        "type": "github"
      }
    },
    "systems": {
      "locked": {
        "lastModified": 1681028828,
        "narHash": "sha256-Vy1rq5AaRuLzOxct8nz4T6wlgyUR7zLU309k9mBC768=",
        "owner": "nix-systems",
        "repo": "default",
        "rev": "da67096a3b9bf56a91d16901293e51ba5b49a27e",
        "type": "github"
      },
      "original": {
        "owner": "nix-systems",
        "repo": "default",
        "type": "github"
      }
    },
    "wgpu-native": {
      "flake": false,
      "locked": {
        "lastModified": 1684253062,
        "narHash": "sha256-Kol1D2pKcxxHW2dXJtkmokgrLPTJP9U6gS24tAhZPMc=",
        "ref": "refs/heads/trunk",
        "rev": "6c36adeac584a99c45d040a61f6dc345966c90cc",
        "revCount": 661,
        "submodules": true,
        "type": "git",
        "url": "https://github.com/gfx-rs/wgpu-native.git"
      },
      "original": {
        "submodules": true,
        "type": "git",
        "url": "https://github.com/gfx-rs/wgpu-native.git"
      }
    },
    "zig": {
      "inputs": {
        "flake-compat": "flake-compat_2",
        "flake-utils": [
          "flake-utils"
        ],
        "nixpkgs": [
          "nixpkgs"
        ]
      },
      "locked": {
        "lastModified": 1684670828,
        "narHash": "sha256-e3HSmT9ufQ0WZYh6hOPx87dg/4jjLoJLl6zAEzev07E=",
        "owner": "mitchellh",
        "repo": "zig-overlay",
        "rev": "22a39bd5ce8f8b0fdec3049ca5bfb54c748380bd",
        "type": "github"
      },
      "original": {
        "owner": "mitchellh",
        "repo": "zig-overlay",
        "type": "github"
      }
    }
  },
  "root": "root",
  "version": 7
}
