{
  "nodes": {
    "crane": {
      "inputs": {
        "flake-compat": "flake-compat",
        "flake-utils": [
          "flake-utils"
        ],
        "nixpkgs": [
          "nixpkgs"
        ],
        "rust-overlay": "rust-overlay"
      },
      "locked": {
        "lastModified": 1687131719,
        "narHash": "sha256-a9qkYyJBfkG5NYJ6+KSejCn55/CmCGcy7K1+DYWVl5Q=",
        "owner": "ipetkov",
        "repo": "crane",
        "rev": "9f6e7286c57b05eba113828d29a1974b57782372",
        "type": "github"
      },
      "original": {
        "owner": "ipetkov",
        "repo": "crane",
        "type": "github"
      }
    },
    "flake-compat": {
      "flake": false,
      "locked": {
        "lastModified": 1673956053,
        "narHash": "sha256-4gtG9iQuiKITOjNQQeQIpoIB6b16fm+504Ch3sNKLd8=",
        "owner": "edolstra",
        "repo": "flake-compat",
        "rev": "35bb57c0c8d8b62bbfd284272c928ceb64ddbde9",
        "type": "github"
      },
      "original": {
        "owner": "edolstra",
        "repo": "flake-compat",
        "type": "github"
      }
    },
    "flake-compat_2": {
      "flake": false,
      "locked": {
        "lastModified": 1673956053,
        "narHash": "sha256-4gtG9iQuiKITOjNQQeQIpoIB6b16fm+504Ch3sNKLd8=",
        "owner": "edolstra",
        "repo": "flake-compat",
        "rev": "35bb57c0c8d8b62bbfd284272c928ceb64ddbde9",
        "type": "github"
      },
      "original": {
        "owner": "edolstra",
        "repo": "flake-compat",
        "type": "github"
      }
    },
    "flake-utils": {
      "inputs": {
        "systems": "systems"
      },
      "locked": {
        "lastModified": 1685518550,
        "narHash": "sha256-o2d0KcvaXzTrPRIo0kOLV0/QXHhDQ5DTi+OxcjO8xqY=",
        "owner": "numtide",
        "repo": "flake-utils",
        "rev": "a1720a10a6cfe8234c0e93907ffe81be440f4cef",
        "type": "github"
      },
      "original": {
        "owner": "numtide",
        "repo": "flake-utils",
        "type": "github"
      }
    },
    "gitignore": {
      "inputs": {
        "nixpkgs": [
          "nixpkgs"
        ]
      },
      "locked": {
        "lastModified": 1660459072,
        "narHash": "sha256-8DFJjXG8zqoONA1vXtgeKXy68KdJL5UaXR8NtVMUbx8=",
        "owner": "hercules-ci",
        "repo": "gitignore.nix",
        "rev": "a20de23b925fd8264fd7fad6454652e142fd7f73",
        "type": "github"
      },
      "original": {
        "owner": "hercules-ci",
        "repo": "gitignore.nix",
        "type": "github"
      }
    },
    "glfw": {
      "flake": false,
      "locked": {
        "lastModified": 1680272326,
        "narHash": "sha256-6XWcSq1ij9wdWAdi37eiu8P13MTuu6q26VWCSvv99P0=",
        "owner": "glfw",
        "repo": "glfw",
        "rev": "3fa2360720eeba1964df3c0ecf4b5df8648a8e52",
        "type": "github"
      },
      "original": {
        "owner": "glfw",
        "repo": "glfw",
        "type": "github"
      }
    },
    "naga": {
      "flake": false,
      "locked": {
        "lastModified": 1686833599,
        "narHash": "sha256-6EAfw09aE0Vyi8xLL/Szibx7fZ5SQeyIHIWpr7wiETk=",
        "owner": "gfx-rs",
        "repo": "naga",
        "rev": "f31093fb3b0c8183069037fcac99a90d3adef2bd",
        "type": "github"
      },
      "original": {
        "owner": "gfx-rs",
        "repo": "naga",
        "type": "github"
      }
    },
    "nelua": {
      "flake": false,
      "locked": {
        "lastModified": 1679835874,
        "narHash": "sha256-vJae8yx6PrYR45vRM/6fn6aEvUo7lxHSD/iX/77iVAo=",
        "owner": "edubart",
        "repo": "nelua-lang",
        "rev": "e084bf1cc8a5651c9fdd96bc4205a890e5ab1fca",
        "type": "github"
      },
      "original": {
        "owner": "edubart",
        "repo": "nelua-lang",
        "type": "github"
      }
    },
    "nelua-decl": {
      "flake": false,
      "locked": {
        "lastModified": 1680870608,
        "narHash": "sha256-7rcQd7vvFfyrwDNpdLZnD8N873RT4mUUhURoniD6cBE=",
        "ref": "refs/heads/main",
        "rev": "e2fd8e581d279b9434d6fcdc42238e5321663b6d",
        "revCount": 163,
        "submodules": true,
        "type": "git",
        "url": "https://github.com/edubart/nelua-decl.git"
      },
      "original": {
        "submodules": true,
        "type": "git",
        "url": "https://github.com/edubart/nelua-decl.git"
      }
    },
    "nixpkgs": {
      "locked": {
        "lastModified": 1686960236,
        "narHash": "sha256-AYCC9rXNLpUWzD9hm+askOfpliLEC9kwAo7ITJc4HIw=",
        "owner": "nixos",
        "repo": "nixpkgs",
        "rev": "04af42f3b31dba0ef742d254456dc4c14eedac86",
        "type": "github"
      },
      "original": {
        "owner": "nixos",
        "ref": "nixos-unstable",
        "repo": "nixpkgs",
        "type": "github"
      }
    },
    "root": {
      "inputs": {
        "crane": "crane",
        "flake-utils": "flake-utils",
        "gitignore": "gitignore",
        "glfw": "glfw",
        "naga": "naga",
        "nelua": "nelua",
        "nelua-decl": "nelua-decl",
        "nixpkgs": "nixpkgs",
        "rust-overlay": "rust-overlay_2",
        "wgpu-native": "wgpu-native",
        "zig": "zig"
      }
    },
    "rust-overlay": {
      "inputs": {
        "flake-utils": [
          "crane",
          "flake-utils"
        ],
        "nixpkgs": [
          "crane",
          "nixpkgs"
        ]
      },
      "locked": {
        "lastModified": 1685759304,
        "narHash": "sha256-I3YBH6MS3G5kGzNuc1G0f9uYfTcNY9NYoRc3QsykLk4=",
        "owner": "oxalica",
        "repo": "rust-overlay",
        "rev": "c535b4f3327910c96dcf21851bbdd074d0760290",
        "type": "github"
      },
      "original": {
        "owner": "oxalica",
        "repo": "rust-overlay",
        "type": "github"
      }
    },
    "rust-overlay_2": {
      "inputs": {
        "flake-utils": [
          "flake-utils"
        ],
        "nixpkgs": [
          "nixpkgs"
        ]
      },
      "locked": {
        "lastModified": 1687141659,
        "narHash": "sha256-ckvEuxejYmFTyFF0u9CWV8h5u+ubuxA7vYrOw/GXRXg=",
        "owner": "oxalica",
        "repo": "rust-overlay",
        "rev": "86302751ef371597d48951983e1a2f04fe78d4ff",
        "type": "github"
      },
      "original": {
        "owner": "oxalica",
        "repo": "rust-overlay",
        "type": "github"
      }
    },
    "systems": {
      "locked": {
        "lastModified": 1681028828,
        "narHash": "sha256-Vy1rq5AaRuLzOxct8nz4T6wlgyUR7zLU309k9mBC768=",
        "owner": "nix-systems",
        "repo": "default",
        "rev": "da67096a3b9bf56a91d16901293e51ba5b49a27e",
        "type": "github"
      },
      "original": {
        "owner": "nix-systems",
        "repo": "default",
        "type": "github"
      }
    },
    "wgpu-native": {
      "flake": false,
      "locked": {
        "lastModified": 1685346731,
        "narHash": "sha256-QZJP/CguEVTDfH/6PPvOLASN2LM+uJJ5++QStYgCclw=",
        "ref": "refs/heads/trunk",
        "rev": "6f95ce3fc1cd8829f23401e98967112f00f940c2",
        "revCount": 663,
        "submodules": true,
        "type": "git",
        "url": "https://github.com/gfx-rs/wgpu-native.git"
      },
      "original": {
        "submodules": true,
        "type": "git",
        "url": "https://github.com/gfx-rs/wgpu-native.git"
      }
    },
    "zig": {
      "inputs": {
        "flake-compat": "flake-compat_2",
        "flake-utils": [
          "flake-utils"
        ],
        "nixpkgs": [
          "nixpkgs"
        ]
      },
      "locked": {
        "lastModified": 1687134345,
        "narHash": "sha256-eB6d41lYNdhi0tvixk9gWIsEFnp1pIOAzrfU3jWHoGo=",
        "owner": "mitchellh",
        "repo": "zig-overlay",
        "rev": "ae04c17e1b29beabf74ac6d3880129e1902f4eed",
        "type": "github"
      },
      "original": {
        "owner": "mitchellh",
        "repo": "zig-overlay",
        "type": "github"
      }
    }
  },
  "root": "root",
  "version": 7
}
