{
  "nodes": {
    "crane": {
      "inputs": {
        "flake-compat": "flake-compat",
        "flake-utils": [
          "flake-utils"
        ],
        "nixpkgs": [
          "nixpkgs"
        ],
        "rust-overlay": "rust-overlay"
      },
      "locked": {
        "lastModified": 1668733225,
        "narHash": "sha256-kJfOFYRLr0YW1BkSShUbuuSKsj6x1cDKh9woSj1DvX4=",
        "owner": "ipetkov",
        "repo": "crane",
        "rev": "c3935e06cad38cc3775880dfba75befd1ccee3c2",
        "type": "github"
      },
      "original": {
        "owner": "ipetkov",
        "repo": "crane",
        "type": "github"
      }
    },
    "flake-compat": {
      "flake": false,
      "locked": {
        "lastModified": 1650374568,
        "narHash": "sha256-Z+s0J8/r907g149rllvwhb4pKi8Wam5ij0st8PwAh+E=",
        "owner": "edolstra",
        "repo": "flake-compat",
        "rev": "b4a34015c698c7793d592d66adbab377907a2be8",
        "type": "github"
      },
      "original": {
        "owner": "edolstra",
        "repo": "flake-compat",
        "type": "github"
      }
    },
    "flake-utils": {
      "locked": {
        "lastModified": 1667395993,
        "narHash": "sha256-nuEHfE/LcWyuSWnS8t12N1wc105Qtau+/OdUAjtQ0rA=",
        "owner": "numtide",
        "repo": "flake-utils",
        "rev": "5aed5285a952e0b949eb3ba02c12fa4fcfef535f",
        "type": "github"
      },
      "original": {
        "owner": "numtide",
        "repo": "flake-utils",
        "type": "github"
      }
    },
    "gitignore": {
      "inputs": {
        "nixpkgs": [
          "nixpkgs"
        ]
      },
      "locked": {
        "lastModified": 1660459072,
        "narHash": "sha256-8DFJjXG8zqoONA1vXtgeKXy68KdJL5UaXR8NtVMUbx8=",
        "owner": "hercules-ci",
        "repo": "gitignore.nix",
        "rev": "a20de23b925fd8264fd7fad6454652e142fd7f73",
        "type": "github"
      },
      "original": {
        "owner": "hercules-ci",
        "repo": "gitignore.nix",
        "type": "github"
      }
    },
    "glfw": {
      "flake": false,
      "locked": {
        "lastModified": 1663695517,
        "narHash": "sha256-VhFST+Qz4e3QB9WnEAlw/2GTIRcLvJAwek1MGtDZ/dI=",
        "owner": "glfw",
        "repo": "glfw",
        "rev": "dd8a678a66f1967372e5a5e3deac41ebf65ee127",
        "type": "github"
      },
      "original": {
        "owner": "glfw",
        "repo": "glfw",
        "type": "github"
      }
    },
    "naga": {
      "flake": false,
      "locked": {
        "lastModified": 1668788989,
        "narHash": "sha256-yWPZL21JmNSC4QFkLjLXld6Klo8ejh2SNWByzS3Hd2s=",
        "owner": "gfx-rs",
        "repo": "naga",
        "rev": "5b79cca384ad9834f56bd7ecf164210deded054b",
        "type": "github"
      },
      "original": {
        "owner": "gfx-rs",
        "repo": "naga",
        "type": "github"
      }
    },
    "nelua": {
      "flake": false,
      "locked": {
        "lastModified": 1668254882,
        "narHash": "sha256-Jo1bU6HKNf1Zej+W0DkUf62KuVSuTfSa9wPiJu0BoHo=",
        "owner": "edubart",
        "repo": "nelua-lang",
        "rev": "12fe7018681610326d1682b212baf96ef5a0dd2a",
        "type": "github"
      },
      "original": {
        "owner": "edubart",
        "repo": "nelua-lang",
        "type": "github"
      }
    },
    "nixpkgs": {
      "locked": {
        "lastModified": 1668765800,
        "narHash": "sha256-rC40+/W6Hio7b/RsY8SvQPKNx4WqNcTgfYv8cUMAvJk=",
        "owner": "nixos",
        "repo": "nixpkgs",
        "rev": "52b2ac8ae18bbad4374ff0dd5aeee0fdf1aea739",
        "type": "github"
      },
      "original": {
        "owner": "nixos",
        "ref": "nixos-unstable",
        "repo": "nixpkgs",
        "type": "github"
      }
    },
    "root": {
      "inputs": {
        "crane": "crane",
        "flake-utils": "flake-utils",
        "gitignore": "gitignore",
        "glfw": "glfw",
        "naga": "naga",
        "nelua": "nelua",
        "nixpkgs": "nixpkgs",
        "rust-overlay": "rust-overlay_2",
        "wgpu-native": "wgpu-native",
        "zig": "zig"
      }
    },
    "rust-overlay": {
      "inputs": {
        "flake-utils": [
          "crane",
          "flake-utils"
        ],
        "nixpkgs": [
          "crane",
          "nixpkgs"
        ]
      },
      "locked": {
        "lastModified": 1667487142,
        "narHash": "sha256-bVuzLs1ZVggJAbJmEDVO9G6p8BH3HRaolK70KXvnWnU=",
        "owner": "oxalica",
        "repo": "rust-overlay",
        "rev": "cf668f737ac986c0a89e83b6b2e3c5ddbd8cf33b",
        "type": "github"
      },
      "original": {
        "owner": "oxalica",
        "repo": "rust-overlay",
        "type": "github"
      }
    },
    "rust-overlay_2": {
      "inputs": {
        "flake-utils": [
          "flake-utils"
        ],
        "nixpkgs": [
          "nixpkgs"
        ]
      },
      "locked": {
        "lastModified": 1668739305,
        "narHash": "sha256-BJNiTOWWBMdDXMUrl1ysDr+62nqIayf8SprK/blaFM0=",
        "owner": "oxalica",
        "repo": "rust-overlay",
        "rev": "f0ddbb639e2f23529ced79602cee6eb3903fc888",
        "type": "github"
      },
      "original": {
        "owner": "oxalica",
        "repo": "rust-overlay",
        "type": "github"
      }
    },
    "wgpu-native": {
      "flake": false,
      "locked": {
        "lastModified": 1668024866,
        "narHash": "sha256-vyqlb6kAlT+b31XcI+w6cJU30FTV51146+LnM4aJG5A=",
        "ref": "refs/heads/master",
        "rev": "6afce0928342fc676e8bc6824e74f4926a9e8af3",
        "revCount": 633,
        "submodules": true,
        "type": "git",
        "url": "https://github.com/gfx-rs/wgpu-native"
      },
      "original": {
        "submodules": true,
        "type": "git",
        "url": "https://github.com/gfx-rs/wgpu-native"
      }
    },
    "zig": {
      "inputs": {
        "flake-utils": [
          "flake-utils"
        ],
        "nixpkgs": [
          "nixpkgs"
        ]
      },
      "locked": {
        "lastModified": 1668773313,
        "narHash": "sha256-dFq8lWBDsdNe3MspvM5gqnby53WQdgI6ZvsUtu41cdw=",
        "owner": "mitchellh",
        "repo": "zig-overlay",
        "rev": "8d5ff602e44239bb2a36da16f2fb5e3e228ce082",
        "type": "github"
      },
      "original": {
        "owner": "mitchellh",
        "repo": "zig-overlay",
        "type": "github"
      }
    }
  },
  "root": "root",
  "version": 7
}
